
Microsoft Visual Studio Solution File, Format Version 12.00
Project("{FAE04EC0-301F-11D3-BF4B-00C04F79EFBC}") = "Kassensystem", "Kassensystem\Kassensystem.csproj", "{E72B9512-B565-4383-B328-FE11CEC5F78C}"
EndProject
Project("{2150E333-8FDC-42A3-9474-1A3956D46DE8}") = "Solution Items", "Solution Items", "{A7EF8833-F6BE-4EBD-8DB1-5AA8EDB5A16F}"
	ProjectSection(SolutionItems) = preProject
		docker-compose.yml = docker-compose.yml
		Kassensystem\Properties\launchSettings.json = Kassensystem\Properties\launchSettings.json
		docker-compose-stack.yml = docker-compose-stack.yml
	EndProjectSection
EndProject
Global
	GlobalSection(SolutionConfigurationPlatforms) = preSolution
		Debug|Any CPU = Debug|Any CPU
		Release|Any CPU = Release|Any CPU
	EndGlobalSection
	GlobalSection(ProjectConfigurationPlatforms) = postSolution
		{E72B9512-B565-4383-B328-FE11CEC5F78C}.Debug|Any CPU.ActiveCfg = Debug|Any CPU
		{E72B9512-B565-4383-B328-FE11CEC5F78C}.Debug|Any CPU.Build.0 = Debug|Any CPU
		{E72B9512-B565-4383-B328-FE11CEC5F78C}.Release|Any CPU.ActiveCfg = Release|Any CPU
		{E72B9512-B565-4383-B328-FE11CEC5F78C}.Release|Any CPU.Build.0 = Release|Any CPU
	EndGlobalSection
EndGlobal
